// !$*UTF8*$!
{
	archiveVersion = 1;
	classes = {
	};
	objectVersion = 46;
	objects = {

/* Begin PBXBuildFile section */
		D6A615231AAA9845006CCBF3 /* main.m in Sources */ = {isa = PBXBuildFile; fileRef = D6A615221AAA9845006CCBF3 /* main.m */; };
		D6A615261AAA9845006CCBF3 /* AppDelegate.m in Sources */ = {isa = PBXBuildFile; fileRef = D6A615251AAA9845006CCBF3 /* AppDelegate.m */; };
		D6A615291AAA9845006CCBF3 /* ViewController.m in Sources */ = {isa = PBXBuildFile; fileRef = D6A615281AAA9845006CCBF3 /* ViewController.m */; };
		D6A6152C1AAA9845006CCBF3 /* Main.storyboard in Resources */ = {isa = PBXBuildFile; fileRef = D6A6152A1AAA9845006CCBF3 /* Main.storyboard */; };
		D6A6152E1AAA9845006CCBF3 /* Images.xcassets in Resources */ = {isa = PBXBuildFile; fileRef = D6A6152D1AAA9845006CCBF3 /* Images.xcassets */; };
		D6A615311AAA9845006CCBF3 /* LaunchScreen.xib in Resources */ = {isa = PBXBuildFile; fileRef = D6A6152F1AAA9845006CCBF3 /* LaunchScreen.xib */; };
		D6A6153D1AAA9845006CCBF3 /* CoreToastTests.m in Sources */ = {isa = PBXBuildFile; fileRef = D6A6153C1AAA9845006CCBF3 /* CoreToastTests.m */; };
		EE8228F91AC17152004049D7 /* CoreToast.bundle in Resources */ = {isa = PBXBuildFile; fileRef = EE8228EA1AC17152004049D7 /* CoreToast.bundle */; };
		EE8228FA1AC17152004049D7 /* CoreToast.m in Sources */ = {isa = PBXBuildFile; fileRef = EE8228EC1AC17152004049D7 /* CoreToast.m */; };
		EE8228FB1AC17152004049D7 /* CRToast.m in Sources */ = {isa = PBXBuildFile; fileRef = EE8228EF1AC17152004049D7 /* CRToast.m */; };
		EE8228FC1AC17152004049D7 /* CRToastManager.m in Sources */ = {isa = PBXBuildFile; fileRef = EE8228F21AC17152004049D7 /* CRToastManager.m */; };
		EE8228FD1AC17152004049D7 /* CRToastView.m in Sources */ = {isa = PBXBuildFile; fileRef = EE8228F41AC17152004049D7 /* CRToastView.m */; };
		EE8228FE1AC17152004049D7 /* CRToastViewController.m in Sources */ = {isa = PBXBuildFile; fileRef = EE8228F61AC17152004049D7 /* CRToastViewController.m */; };
		EE8228FF1AC17152004049D7 /* CRToastWindow.m in Sources */ = {isa = PBXBuildFile; fileRef = EE8228F81AC17152004049D7 /* CRToastWindow.m */; };
/* End PBXBuildFile section */

/* Begin PBXContainerItemProxy section */
		D6A615371AAA9845006CCBF3 /* PBXContainerItemProxy */ = {
			isa = PBXContainerItemProxy;
			containerPortal = D6A615151AAA9845006CCBF3 /* Project object */;
			proxyType = 1;
			remoteGlobalIDString = D6A6151C1AAA9845006CCBF3;
			remoteInfo = CoreToast;
		};
/* End PBXContainerItemProxy section */

/* Begin PBXFileReference section */
		D6A6151D1AAA9845006CCBF3 /* CoreToast.app */ = {isa = PBXFileReference; explicitFileType = wrapper.application; includeInIndex = 0; path = CoreToast.app; sourceTree = BUILT_PRODUCTS_DIR; };
		D6A615211AAA9845006CCBF3 /* Info.plist */ = {isa = PBXFileReference; lastKnownFileType = text.plist.xml; path = Info.plist; sourceTree = "<group>"; };
		D6A615221AAA9845006CCBF3 /* main.m */ = {isa = PBXFileReference; lastKnownFileType = sourcecode.c.objc; path = main.m; sourceTree = "<group>"; };
		D6A615241AAA9845006CCBF3 /* AppDelegate.h */ = {isa = PBXFileReference; lastKnownFileType = sourcecode.c.h; path = AppDelegate.h; sourceTree = "<group>"; };
		D6A615251AAA9845006CCBF3 /* AppDelegate.m */ = {isa = PBXFileReference; lastKnownFileType = sourcecode.c.objc; path = AppDelegate.m; sourceTree = "<group>"; };
		D6A615271AAA9845006CCBF3 /* ViewController.h */ = {isa = PBXFileReference; lastKnownFileType = sourcecode.c.h; path = ViewController.h; sourceTree = "<group>"; };
		D6A615281AAA9845006CCBF3 /* ViewController.m */ = {isa = PBXFileReference; lastKnownFileType = sourcecode.c.objc; path = ViewController.m; sourceTree = "<group>"; };
		D6A6152B1AAA9845006CCBF3 /* Base */ = {isa = PBXFileReference; lastKnownFileType = file.storyboard; name = Base; path = Base.lproj/Main.storyboard; sourceTree = "<group>"; };
		D6A6152D1AAA9845006CCBF3 /* Images.xcassets */ = {isa = PBXFileReference; lastKnownFileType = folder.assetcatalog; path = Images.xcassets; sourceTree = "<group>"; };
		D6A615301AAA9845006CCBF3 /* Base */ = {isa = PBXFileReference; lastKnownFileType = file.xib; name = Base; path = Base.lproj/LaunchScreen.xib; sourceTree = "<group>"; };
		D6A615361AAA9845006CCBF3 /* CoreToastTests.xctest */ = {isa = PBXFileReference; explicitFileType = wrapper.cfbundle; includeInIndex = 0; path = CoreToastTests.xctest; sourceTree = BUILT_PRODUCTS_DIR; };
		D6A6153B1AAA9845006CCBF3 /* Info.plist */ = {isa = PBXFileReference; lastKnownFileType = text.plist.xml; path = Info.plist; sourceTree = "<group>"; };
		D6A6153C1AAA9845006CCBF3 /* CoreToastTests.m */ = {isa = PBXFileReference; lastKnownFileType = sourcecode.c.objc; path = CoreToastTests.m; sourceTree = "<group>"; };
		EE8228EA1AC17152004049D7 /* CoreToast.bundle */ = {isa = PBXFileReference; lastKnownFileType = "wrapper.plug-in"; path = CoreToast.bundle; sourceTree = "<group>"; };
		EE8228EB1AC17152004049D7 /* CoreToast.h */ = {isa = PBXFileReference; fileEncoding = 4; lastKnownFileType = sourcecode.c.h; path = CoreToast.h; sourceTree = "<group>"; };
		EE8228EC1AC17152004049D7 /* CoreToast.m */ = {isa = PBXFileReference; fileEncoding = 4; lastKnownFileType = sourcecode.c.objc; path = CoreToast.m; sourceTree = "<group>"; };
		EE8228EE1AC17152004049D7 /* CRToast.h */ = {isa = PBXFileReference; fileEncoding = 4; lastKnownFileType = sourcecode.c.h; path = CRToast.h; sourceTree = "<group>"; };
		EE8228EF1AC17152004049D7 /* CRToast.m */ = {isa = PBXFileReference; fileEncoding = 4; lastKnownFileType = sourcecode.c.objc; path = CRToast.m; sourceTree = "<group>"; };
		EE8228F01AC17152004049D7 /* CRToastLayoutHelpers.h */ = {isa = PBXFileReference; fileEncoding = 4; lastKnownFileType = sourcecode.c.h; path = CRToastLayoutHelpers.h; sourceTree = "<group>"; };
		EE8228F11AC17152004049D7 /* CRToastManager.h */ = {isa = PBXFileReference; fileEncoding = 4; lastKnownFileType = sourcecode.c.h; path = CRToastManager.h; sourceTree = "<group>"; };
		EE8228F21AC17152004049D7 /* CRToastManager.m */ = {isa = PBXFileReference; fileEncoding = 4; lastKnownFileType = sourcecode.c.objc; path = CRToastManager.m; sourceTree = "<group>"; };
		EE8228F31AC17152004049D7 /* CRToastView.h */ = {isa = PBXFileReference; fileEncoding = 4; lastKnownFileType = sourcecode.c.h; path = CRToastView.h; sourceTree = "<group>"; };
		EE8228F41AC17152004049D7 /* CRToastView.m */ = {isa = PBXFileReference; fileEncoding = 4; lastKnownFileType = sourcecode.c.objc; path = CRToastView.m; sourceTree = "<group>"; };
		EE8228F51AC17152004049D7 /* CRToastViewController.h */ = {isa = PBXFileReference; fileEncoding = 4; lastKnownFileType = sourcecode.c.h; path = CRToastViewController.h; sourceTree = "<group>"; };
		EE8228F61AC17152004049D7 /* CRToastViewController.m */ = {isa = PBXFileReference; fileEncoding = 4; lastKnownFileType = sourcecode.c.objc; path = CRToastViewController.m; sourceTree = "<group>"; };
		EE8228F71AC17152004049D7 /* CRToastWindow.h */ = {isa = PBXFileReference; fileEncoding = 4; lastKnownFileType = sourcecode.c.h; path = CRToastWindow.h; sourceTree = "<group>"; };
		EE8228F81AC17152004049D7 /* CRToastWindow.m */ = {isa = PBXFileReference; fileEncoding = 4; lastKnownFileType = sourcecode.c.objc; path = CRToastWindow.m; sourceTree = "<group>"; };
/* End PBXFileReference section */

/* Begin PBXFrameworksBuildPhase section */
		D6A6151A1AAA9845006CCBF3 /* Frameworks */ = {
			isa = PBXFrameworksBuildPhase;
			buildActionMask = 2147483647;
			files = (
			);
			runOnlyForDeploymentPostprocessing = 0;
		};
		D6A615331AAA9845006CCBF3 /* Frameworks */ = {
			isa = PBXFrameworksBuildPhase;
			buildActionMask = 2147483647;
			files = (
			);
			runOnlyForDeploymentPostprocessing = 0;
		};
/* End PBXFrameworksBuildPhase section */

/* Begin PBXGroup section */
		D6A615141AAA9845006CCBF3 = {
			isa = PBXGroup;
			children = (
				D6A6151F1AAA9845006CCBF3 /* CoreToast */,
				D6A615391AAA9845006CCBF3 /* CoreToastTests */,
				D6A6151E1AAA9845006CCBF3 /* Products */,
			);
			sourceTree = "<group>";
		};
		D6A6151E1AAA9845006CCBF3 /* Products */ = {
			isa = PBXGroup;
			children = (
				D6A6151D1AAA9845006CCBF3 /* CoreToast.app */,
				D6A615361AAA9845006CCBF3 /* CoreToastTests.xctest */,
			);
			name = Products;
			sourceTree = "<group>";
		};
		D6A6151F1AAA9845006CCBF3 /* CoreToast */ = {
			isa = PBXGroup;
			children = (
				EE8228E91AC17152004049D7 /* CoreToast */,
				D6A615241AAA9845006CCBF3 /* AppDelegate.h */,
				D6A615251AAA9845006CCBF3 /* AppDelegate.m */,
				D6A615271AAA9845006CCBF3 /* ViewController.h */,
				D6A615281AAA9845006CCBF3 /* ViewController.m */,
				D6A6152A1AAA9845006CCBF3 /* Main.storyboard */,
				D6A6152D1AAA9845006CCBF3 /* Images.xcassets */,
				D6A6152F1AAA9845006CCBF3 /* LaunchScreen.xib */,
				D6A615201AAA9845006CCBF3 /* Supporting Files */,
			);
			path = CoreToast;
			sourceTree = "<group>";
		};
		D6A615201AAA9845006CCBF3 /* Supporting Files */ = {
			isa = PBXGroup;
			children = (
				D6A615211AAA9845006CCBF3 /* Info.plist */,
				D6A615221AAA9845006CCBF3 /* main.m */,
			);
			name = "Supporting Files";
			sourceTree = "<group>";
		};
		D6A615391AAA9845006CCBF3 /* CoreToastTests */ = {
			isa = PBXGroup;
			children = (
				D6A6153C1AAA9845006CCBF3 /* CoreToastTests.m */,
				D6A6153A1AAA9845006CCBF3 /* Supporting Files */,
			);
			path = CoreToastTests;
			sourceTree = "<group>";
		};
		D6A6153A1AAA9845006CCBF3 /* Supporting Files */ = {
			isa = PBXGroup;
			children = (
				D6A6153B1AAA9845006CCBF3 /* Info.plist */,
			);
			name = "Supporting Files";
			sourceTree = "<group>";
		};
		EE8228E91AC17152004049D7 /* CoreToast */ = {
			isa = PBXGroup;
			children = (
				EE8228EA1AC17152004049D7 /* CoreToast.bundle */,
				EE8228EB1AC17152004049D7 /* CoreToast.h */,
				EE8228EC1AC17152004049D7 /* CoreToast.m */,
				EE8228ED1AC17152004049D7 /* CRToast */,
			);
			path = CoreToast;
			sourceTree = "<group>";
		};
		EE8228ED1AC17152004049D7 /* CRToast */ = {
			isa = PBXGroup;
			children = (
				EE8228EE1AC17152004049D7 /* CRToast.h */,
				EE8228EF1AC17152004049D7 /* CRToast.m */,
				EE8228F01AC17152004049D7 /* CRToastLayoutHelpers.h */,
				EE8228F11AC17152004049D7 /* CRToastManager.h */,
				EE8228F21AC17152004049D7 /* CRToastManager.m */,
				EE8228F31AC17152004049D7 /* CRToastView.h */,
				EE8228F41AC17152004049D7 /* CRToastView.m */,
				EE8228F51AC17152004049D7 /* CRToastViewController.h */,
				EE8228F61AC17152004049D7 /* CRToastViewController.m */,
				EE8228F71AC17152004049D7 /* CRToastWindow.h */,
				EE8228F81AC17152004049D7 /* CRToastWindow.m */,
			);
			path = CRToast;
			sourceTree = "<group>";
		};
/* End PBXGroup section */

/* Begin PBXNativeTarget section */
		D6A6151C1AAA9845006CCBF3 /* CoreToast */ = {
			isa = PBXNativeTarget;
			buildConfigurationList = D6A615401AAA9845006CCBF3 /* Build configuration list for PBXNativeTarget "CoreToast" */;
			buildPhases = (
				D6A615191AAA9845006CCBF3 /* Sources */,
				D6A6151A1AAA9845006CCBF3 /* Frameworks */,
				D6A6151B1AAA9845006CCBF3 /* Resources */,
			);
			buildRules = (
			);
			dependencies = (
			);
			name = CoreToast;
			productName = CoreToast;
			productReference = D6A6151D1AAA9845006CCBF3 /* CoreToast.app */;
			productType = "com.apple.product-type.application";
		};
		D6A615351AAA9845006CCBF3 /* CoreToastTests */ = {
			isa = PBXNativeTarget;
			buildConfigurationList = D6A615431AAA9845006CCBF3 /* Build configuration list for PBXNativeTarget "CoreToastTests" */;
			buildPhases = (
				D6A615321AAA9845006CCBF3 /* Sources */,
				D6A615331AAA9845006CCBF3 /* Frameworks */,
				D6A615341AAA9845006CCBF3 /* Resources */,
			);
			buildRules = (
			);
			dependencies = (
				D6A615381AAA9845006CCBF3 /* PBXTargetDependency */,
			);
			name = CoreToastTests;
			productName = CoreToastTests;
			productReference = D6A615361AAA9845006CCBF3 /* CoreToastTests.xctest */;
			productType = "com.apple.product-type.bundle.unit-test";
		};
/* End PBXNativeTarget section */

/* Begin PBXProject section */
		D6A615151AAA9845006CCBF3 /* Project object */ = {
			isa = PBXProject;
			attributes = {
				LastUpgradeCheck = 0610;
				ORGANIZATIONNAME = "沐汐";
				TargetAttributes = {
					D6A6151C1AAA9845006CCBF3 = {
						CreatedOnToolsVersion = 6.1;
					};
					D6A615351AAA9845006CCBF3 = {
						CreatedOnToolsVersion = 6.1;
						TestTargetID = D6A6151C1AAA9845006CCBF3;
					};
				};
			};
			buildConfigurationList = D6A615181AAA9845006CCBF3 /* Build configuration list for PBXProject "CoreToast" */;
			compatibilityVersion = "Xcode 3.2";
			developmentRegion = English;
			hasScannedForEncodings = 0;
			knownRegions = (
				en,
				Base,
			);
			mainGroup = D6A615141AAA9845006CCBF3;
			productRefGroup = D6A6151E1AAA9845006CCBF3 /* Products */;
			projectDirPath = "";
			projectRoot = "";
			targets = (
				D6A6151C1AAA9845006CCBF3 /* CoreToast */,
				D6A615351AAA9845006CCBF3 /* CoreToastTests */,
			);
		};
/* End PBXProject section */

/* Begin PBXResourcesBuildPhase section */
		D6A6151B1AAA9845006CCBF3 /* Resources */ = {
			isa = PBXResourcesBuildPhase;
			buildActionMask = 2147483647;
			files = (
				EE8228F91AC17152004049D7 /* CoreToast.bundle in Resources */,
				D6A6152C1AAA9845006CCBF3 /* Main.storyboard in Resources */,
				D6A615311AAA9845006CCBF3 /* LaunchScreen.xib in Resources */,
				D6A6152E1AAA9845006CCBF3 /* Images.xcassets in Resources */,
			);
			runOnlyForDeploymentPostprocessing = 0;
		};
		D6A615341AAA9845006CCBF3 /* Resources */ = {
			isa = PBXResourcesBuildPhase;
			buildActionMask = 2147483647;
			files = (
			);
			runOnlyForDeploymentPostprocessing = 0;
		};
/* End PBXResourcesBuildPhase section */

/* Begin PBXSourcesBuildPhase section */
		D6A615191AAA9845006CCBF3 /* Sources */ = {
			isa = PBXSourcesBuildPhase;
			buildActionMask = 2147483647;
			files = (
				D6A615291AAA9845006CCBF3 /* ViewController.m in Sources */,
				EE8228FF1AC17152004049D7 /* CRToastWindow.m in Sources */,
				EE8228FE1AC17152004049D7 /* CRToastViewController.m in Sources */,
				EE8228FD1AC17152004049D7 /* CRToastView.m in Sources */,
				D6A615261AAA9845006CCBF3 /* AppDelegate.m in Sources */,
				EE8228FB1AC17152004049D7 /* CRToast.m in Sources */,
				EE8228FA1AC17152004049D7 /* CoreToast.m in Sources */,
				EE8228FC1AC17152004049D7 /* CRToastManager.m in Sources */,
				D6A615231AAA9845006CCBF3 /* main.m in Sources */,
			);
			runOnlyForDeploymentPostprocessing = 0;
		};
		D6A615321AAA9845006CCBF3 /* Sources */ = {
			isa = PBXSourcesBuildPhase;
			buildActionMask = 2147483647;
			files = (
				D6A6153D1AAA9845006CCBF3 /* CoreToastTests.m in Sources */,
			);
			runOnlyForDeploymentPostprocessing = 0;
		};
/* End PBXSourcesBuildPhase section */

/* Begin PBXTargetDependency section */
		D6A615381AAA9845006CCBF3 /* PBXTargetDependency */ = {
			isa = PBXTargetDependency;
			target = D6A6151C1AAA9845006CCBF3 /* CoreToast */;
			targetProxy = D6A615371AAA9845006CCBF3 /* PBXContainerItemProxy */;
		};
/* End PBXTargetDependency section */

/* Begin PBXVariantGroup section */
		D6A6152A1AAA9845006CCBF3 /* Main.storyboard */ = {
			isa = PBXVariantGroup;
			children = (
				D6A6152B1AAA9845006CCBF3 /* Base */,
			);
			name = Main.storyboard;
			sourceTree = "<group>";
		};
		D6A6152F1AAA9845006CCBF3 /* LaunchScreen.xib */ = {
			isa = PBXVariantGroup;
			children = (
				D6A615301AAA9845006CCBF3 /* Base */,
			);
			name = LaunchScreen.xib;
			sourceTree = "<group>";
		};
/* End PBXVariantGroup section */

/* Begin XCBuildConfiguration section */
		D6A6153E1AAA9845006CCBF3 /* Debug */ = {
			isa = XCBuildConfiguration;
			buildSettings = {
				ALWAYS_SEARCH_USER_PATHS = NO;
				CLANG_CXX_LANGUAGE_STANDARD = "gnu++0x";
				CLANG_CXX_LIBRARY = "libc++";
				CLANG_ENABLE_MODULES = YES;
				CLANG_ENABLE_OBJC_ARC = YES;
				CLANG_WARN_BOOL_CONVERSION = YES;
				CLANG_WARN_CONSTANT_CONVERSION = YES;
				CLANG_WARN_DIRECT_OBJC_ISA_USAGE = YES_ERROR;
				CLANG_WARN_EMPTY_BODY = YES;
				CLANG_WARN_ENUM_CONVERSION = YES;
				CLANG_WARN_INT_CONVERSION = YES;
				CLANG_WARN_OBJC_ROOT_CLASS = YES_ERROR;
				CLANG_WARN_UNREACHABLE_CODE = YES;
				CLANG_WARN__DUPLICATE_METHOD_MATCH = YES;
				"CODE_SIGN_IDENTITY[sdk=iphoneos*]" = "iPhone Developer";
				COPY_PHASE_STRIP = NO;
				ENABLE_STRICT_OBJC_MSGSEND = YES;
				GCC_C_LANGUAGE_STANDARD = gnu99;
				GCC_DYNAMIC_NO_PIC = NO;
				GCC_OPTIMIZATION_LEVEL = 0;
				GCC_PREPROCESSOR_DEFINITIONS = (
					"DEBUG=1",
					"$(inherited)",
				);
				GCC_SYMBOLS_PRIVATE_EXTERN = NO;
				GCC_WARN_64_TO_32_BIT_CONVERSION = YES;
				GCC_WARN_ABOUT_RETURN_TYPE = YES_ERROR;
				GCC_WARN_UNDECLARED_SELECTOR = YES;
				GCC_WARN_UNINITIALIZED_AUTOS = YES_AGGRESSIVE;
				GCC_WARN_UNUSED_FUNCTION = YES;
				GCC_WARN_UNUSED_VARIABLE = YES;
				IPHONEOS_DEPLOYMENT_TARGET = 8.1;
				MTL_ENABLE_DEBUG_INFO = YES;
				ONLY_ACTIVE_ARCH = YES;
				SDKROOT = iphoneos;
			};
			name = Debug;
		};
		D6A6153F1AAA9845006CCBF3 /* Release */ = {
			isa = XCBuildConfiguration;
			buildSettings = {
				ALWAYS_SEARCH_USER_PATHS = NO;
				CLANG_CXX_LANGUAGE_STANDARD = "gnu++0x";
				CLANG_CXX_LIBRARY = "libc++";
				CLANG_ENABLE_MODULES = YES;
				CLANG_ENABLE_OBJC_ARC = YES;
				CLANG_WARN_BOOL_CONVERSION = YES;
				CLANG_WARN_CONSTANT_CONVERSION = YES;
				CLANG_WARN_DIRECT_OBJC_ISA_USAGE = YES_ERROR;
				CLANG_WARN_EMPTY_BODY = YES;
				CLANG_WARN_ENUM_CONVERSION = YES;
				CLANG_WARN_INT_CONVERSION = YES;
				CLANG_WARN_OBJC_ROOT_CLASS = YES_ERROR;
				CLANG_WARN_UNREACHABLE_CODE = YES;
				CLANG_WARN__DUPLICATE_METHOD_MATCH = YES;
				"CODE_SIGN_IDENTITY[sdk=iphoneos*]" = "iPhone Developer";
				COPY_PHASE_STRIP = YES;
				ENABLE_NS_ASSERTIONS = NO;
				ENABLE_STRICT_OBJC_MSGSEND = YES;
				GCC_C_LANGUAGE_STANDARD = gnu99;
				GCC_WARN_64_TO_32_BIT_CONVERSION = YES;
				GCC_WARN_ABOUT_RETURN_TYPE = YES_ERROR;
				GCC_WARN_UNDECLARED_SELECTOR = YES;
				GCC_WARN_UNINITIALIZED_AUTOS = YES_AGGRESSIVE;
				GCC_WARN_UNUSED_FUNCTION = YES;
				GCC_WARN_UNUSED_VARIABLE = YES;
				IPHONEOS_DEPLOYMENT_TARGET = 8.1;
				MTL_ENABLE_DEBUG_INFO = NO;
				SDKROOT = iphoneos;
				VALIDATE_PRODUCT = YES;
			};
			name = Release;
		};
		D6A615411AAA9845006CCBF3 /* Debug */ = {
			isa = XCBuildConfiguration;
			buildSettings = {
				ASSETCATALOG_COMPILER_APPICON_NAME = AppIcon;
				INFOPLIST_FILE = CoreToast/Info.plist;
				IPHONEOS_DEPLOYMENT_TARGET = 6.0;
				LD_RUNPATH_SEARCH_PATHS = "$(inherited) @executable_path/Frameworks";
				PRODUCT_NAME = "$(TARGET_NAME)";
			};
			name = Debug;
		};
		D6A615421AAA9845006CCBF3 /* Release */ = {
			isa = XCBuildConfiguration;
			buildSettings = {
				ASSETCATALOG_COMPILER_APPICON_NAME = AppIcon;
				INFOPLIST_FILE = CoreToast/Info.plist;
				IPHONEOS_DEPLOYMENT_TARGET = 6.0;
				LD_RUNPATH_SEARCH_PATHS = "$(inherited) @executable_path/Frameworks";
				PRODUCT_NAME = "$(TARGET_NAME)";
			};
			name = Release;
		};
		D6A615441AAA9845006CCBF3 /* Debug */ = {
			isa = XCBuildConfiguration;
			buildSettings = {
				BUNDLE_LOADER = "$(TEST_HOST)";
				FRAMEWORK_SEARCH_PATHS = (
					"$(SDKROOT)/Developer/Library/Frameworks",
					"$(inherited)",
				);
				GCC_PREPROCESSOR_DEFINITIONS = (
					"DEBUG=1",
					"$(inherited)",
				);
				INFOPLIST_FILE = CoreToastTests/Info.plist;
				LD_RUNPATH_SEARCH_PATHS = "$(inherited) @executable_path/Frameworks @loader_path/Frameworks";
				PRODUCT_NAME = "$(TARGET_NAME)";
				TEST_HOST = "$(BUILT_PRODUCTS_DIR)/CoreToast.app/CoreToast";
			};
			name = Debug;
		};
		D6A615451AAA9845006CCBF3 /* Release */ = {
			isa = XCBuildConfiguration;
			buildSettings = {
				BUNDLE_LOADER = "$(TEST_HOST)";
				FRAMEWORK_SEARCH_PATHS = (
					"$(SDKROOT)/Developer/Library/Frameworks",
					"$(inherited)",
				);
				INFOPLIST_FILE = CoreToastTests/Info.plist;
				LD_RUNPATH_SEARCH_PATHS = "$(inherited) @executable_path/Frameworks @loader_path/Frameworks";
				PRODUCT_NAME = "$(TARGET_NAME)";
				TEST_HOST = "$(BUILT_PRODUCTS_DIR)/CoreToast.app/CoreToast";
			};
			name = Release;
		};
/* End XCBuildConfiguration section */

/* Begin XCConfigurationList section */
		D6A615181AAA9845006CCBF3 /* Build configuration list for PBXProject "CoreToast" */ = {
			isa = XCConfigurationList;
			buildConfigurations = (
				D6A6153E1AAA9845006CCBF3 /* Debug */,
				D6A6153F1AAA9845006CCBF3 /* Release */,
			);
			defaultConfigurationIsVisible = 0;
			defaultConfigurationName = Release;
		};
		D6A615401AAA9845006CCBF3 /* Build configuration list for PBXNativeTarget "CoreToast" */ = {
			isa = XCConfigurationList;
			buildConfigurations = (
				D6A615411AAA9845006CCBF3 /* Debug */,
				D6A615421AAA9845006CCBF3 /* Release */,
			);
			defaultConfigurationIsVisible = 0;
			defaultConfigurationName = Release;
		};
		D6A615431AAA9845006CCBF3 /* Build configuration list for PBXNativeTarget "CoreToastTests" */ = {
			isa = XCConfigurationList;
			buildConfigurations = (
				D6A615441AAA9845006CCBF3 /* Debug */,
				D6A615451AAA9845006CCBF3 /* Release */,
			);
			defaultConfigurationIsVisible = 0;
			defaultConfigurationName = Release;
		};
/* End XCConfigurationList section */
	};
	rootObject = D6A615151AAA9845006CCBF3 /* Project object */;
}
